{
	"name": "chester",
	"version": "1.0.0",
	"lockfileVersion": 3,
	"requires": true,
	"packages": {
		"": {
			"name": "chester",
			"version": "1.0.0",
			"license": "ISC",
			"dependencies": {
				"flatted": "^3.3.3",
				"prompt-sync": "^4.2.0"
			},
			"devDependencies": {
				"@types/node": "^20.11.24",
				"@types/prompt-sync": "^4.2.3"
			}
		},
		"node_modules/@types/node": {
			"version": "20.17.30",
			"resolved": "https://registry.npmjs.org/@types/node/-/node-20.17.30.tgz",
			"integrity": "sha512-7zf4YyHA+jvBNfVrk2Gtvs6x7E8V+YDW05bNfG2XkWDJfYRXrTiP/DsB2zSYTaHX0bGIujTBQdMVAhb+j7mwpg==",
			"dev": true,
			"dependencies": {
				"undici-types": "~6.19.2"
			}
		},
		"node_modules/@types/prompt-sync": {
			"version": "4.2.3",
			"resolved": "https://registry.npmjs.org/@types/prompt-sync/-/prompt-sync-4.2.3.tgz",
			"integrity": "sha512-Ox77gCSx0YyeakGt/qfOZUSFNSSi+sh3ABoGOiCwiO2KODx492BJnUm9oIXS+AHJtqp12iM4RduY6viTJ9bYwA==",
			"dev": true
		},
		"node_modules/ansi-regex": {
			"version": "4.1.1",
			"resolved": "https://registry.npmjs.org/ansi-regex/-/ansi-regex-4.1.1.tgz",
			"integrity": "sha512-ILlv4k/3f6vfQ4OoP2AGvirOktlQ98ZEL1k9FaQjxa3L1abBgbuTDAdPOpvbGncC0BTVQrl+OM8xZGK6tWXt7g==",
			"engines": {
				"node": ">=6"
			}
		},
		"node_modules/flatted": {
			"version": "3.4.0",
			"resolved": "https://registry.npmjs.org/flatted/-/flatted-3.4.0.tgz",
			"integrity": "sha512-kC6Bb+ooptOIvWj5B63EQWkF0FEnNjV2ZNkLMLZRDDduIiWeFF4iKnslwhiWxjAdbg4NzTNo6h0qLuvFrcx+Sw==",
			"license": "ISC"
		},
		"node_modules/prompt-sync": {
			"version": "4.2.0",
			"resolved": "https://registry.npmjs.org/prompt-sync/-/prompt-sync-4.2.0.tgz",
			"integrity": "sha512-BuEzzc5zptP5LsgV5MZETjDaKSWfchl5U9Luiu8SKp7iZWD5tZalOxvNcZRwv+d2phNFr8xlbxmFNcRKfJOzJw==",
			"dependencies": {
				"strip-ansi": "^5.0.0"
			}
		},
		"node_modules/strip-ansi": {
			"version": "5.2.0",
			"resolved": "https://registry.npmjs.org/strip-ansi/-/strip-ansi-5.2.0.tgz",
			"integrity": "sha512-DuRs1gKbBqsMKIZlrffwlug8MHkcnpjs5VPmL1PAh+mA30U0DTotfDZ0d2UUsXpPmPmMMJ6W773MaA3J+lbiWA==",
			"dependencies": {
				"ansi-regex": "^4.1.0"
			},
			"engines": {
				"node": ">=6"
			}
		},
		"node_modules/undici-types": {
			"version": "6.19.8",
			"resolved": "https://registry.npmjs.org/undici-types/-/undici-types-6.19.8.tgz",
			"integrity": "sha512-ve2KP6f/JnbPBFyobGHuerC9g1FYGn/F8n1LWTwNxCEzd6IfqTwUQcNXgEtmmQ6DlRrC1hrSrBnCZPokRrDHjw==",
			"dev": true
		}
	}
}
